
Microsoft Visual Studio Solution File, Format Version 12.00
# Visual Studio Version 17
VisualStudioVersion = 17.5.2.0
MinimumVisualStudioVersion = 10.0.40219.1
Project("{FAE04EC0-301F-11D3-BF4B-00C04F79EFBC}") = "FunctionsTest1", "FunctionsTest1\FunctionsTest1.csproj", "{D81D5D3D-8D94-0895-1503-28A0CBC4E264}"
EndProject
Project("{FAE04EC0-301F-11D3-BF4B-00C04F79EFBC}") = "FunctionsTest1.DAL", "FunctionsTest1.DAL\FunctionsTest1.DAL.csproj", "{2C662BA1-507B-496E-8C83-3179A4A46C1C}"
EndProject
Global
	GlobalSection(SolutionConfigurationPlatforms) = preSolution
		Debug|Any CPU = Debug|Any CPU
		Debug|x64 = Debug|x64
		Debug|x86 = Debug|x86
		Release|Any CPU = Release|Any CPU
		Release|x64 = Release|x64
		Release|x86 = Release|x86
	EndGlobalSection
	GlobalSection(ProjectConfigurationPlatforms) = postSolution
		{D81D5D3D-8D94-0895-1503-28A0CBC4E264}.Debug|Any CPU.ActiveCfg = Debug|Any CPU
		{D81D5D3D-8D94-0895-1503-28A0CBC4E264}.Debug|Any CPU.Build.0 = Debug|Any CPU
		{D81D5D3D-8D94-0895-1503-28A0CBC4E264}.Debug|x64.ActiveCfg = Debug|Any CPU
		{D81D5D3D-8D94-0895-1503-28A0CBC4E264}.Debug|x64.Build.0 = Debug|Any CPU
		{D81D5D3D-8D94-0895-1503-28A0CBC4E264}.Debug|x86.ActiveCfg = Debug|Any CPU
		{D81D5D3D-8D94-0895-1503-28A0CBC4E264}.Debug|x86.Build.0 = Debug|Any CPU
		{D81D5D3D-8D94-0895-1503-28A0CBC4E264}.Release|Any CPU.ActiveCfg = Release|Any CPU
		{D81D5D3D-8D94-0895-1503-28A0CBC4E264}.Release|Any CPU.Build.0 = Release|Any CPU
		{D81D5D3D-8D94-0895-1503-28A0CBC4E264}.Release|x64.ActiveCfg = Release|Any CPU
		{D81D5D3D-8D94-0895-1503-28A0CBC4E264}.Release|x64.Build.0 = Release|Any CPU
		{D81D5D3D-8D94-0895-1503-28A0CBC4E264}.Release|x86.ActiveCfg = Release|Any CPU
		{D81D5D3D-8D94-0895-1503-28A0CBC4E264}.Release|x86.Build.0 = Release|Any CPU
		{2C662BA1-507B-496E-8C83-3179A4A46C1C}.Debug|Any CPU.ActiveCfg = Debug|Any CPU
		{2C662BA1-507B-496E-8C83-3179A4A46C1C}.Debug|Any CPU.Build.0 = Debug|Any CPU
		{2C662BA1-507B-496E-8C83-3179A4A46C1C}.Debug|x64.ActiveCfg = Debug|Any CPU
		{2C662BA1-507B-496E-8C83-3179A4A46C1C}.Debug|x64.Build.0 = Debug|Any CPU
		{2C662BA1-507B-496E-8C83-3179A4A46C1C}.Debug|x86.ActiveCfg = Debug|Any CPU
		{2C662BA1-507B-496E-8C83-3179A4A46C1C}.Debug|x86.Build.0 = Debug|Any CPU
		{2C662BA1-507B-496E-8C83-3179A4A46C1C}.Release|Any CPU.ActiveCfg = Release|Any CPU
		{2C662BA1-507B-496E-8C83-3179A4A46C1C}.Release|Any CPU.Build.0 = Release|Any CPU
		{2C662BA1-507B-496E-8C83-3179A4A46C1C}.Release|x64.ActiveCfg = Release|Any CPU
		{2C662BA1-507B-496E-8C83-3179A4A46C1C}.Release|x64.Build.0 = Release|Any CPU
		{2C662BA1-507B-496E-8C83-3179A4A46C1C}.Release|x86.ActiveCfg = Release|Any CPU
		{2C662BA1-507B-496E-8C83-3179A4A46C1C}.Release|x86.Build.0 = Release|Any CPU
	EndGlobalSection
	GlobalSection(SolutionProperties) = preSolution
		HideSolutionNode = FALSE
	EndGlobalSection
	GlobalSection(ExtensibilityGlobals) = postSolution
		SolutionGuid = {101DDE48-EF1D-4966-A7C9-4A95CE3F1F97}
	EndGlobalSection
EndGlobal
